Microsoft Visual Studio Solution File, Format Version 12.00
# Visual Studio Version 17
VisualStudioVersion = 17.5.2.0
MinimumVisualStudioVersion = 10.0.40219.1
Project("{FAE04EC0-301F-11D3-BF4B-00C04F79EFBC}") = "calculadora-metodo", "calculadora-metodo\calculadora-metodo.csproj", "{9EEEEB78-1FCE-DF9A-B15F-10EDE232243A}"
EndProject
Global
	GlobalSection(SolutionConfigurationPlatforms) = preSolution
		Debug|Any CPU = Debug|Any CPU
		Release|Any CPU = Release|Any CPU
	EndGlobalSection
	GlobalSection(ProjectConfigurationPlatforms) = postSolution
		{9EEEEB78-1FCE-DF9A-B15F-10EDE232243A}.Debug|Any CPU.ActiveCfg = Debug|Any CPU
		{9EEEEB78-1FCE-DF9A-B15F-10EDE232243A}.Debug|Any CPU.Build.0 = Debug|Any CPU
		{9EEEEB78-1FCE-DF9A-B15F-10EDE232243A}.Release|Any CPU.ActiveCfg = Release|Any CPU
		{9EEEEB78-1FCE-DF9A-B15F-10EDE232243A}.Release|Any CPU.Build.0 = Release|Any CPU
	EndGlobalSection
	GlobalSection(SolutionProperties) = preSolution
		HideSolutionNode = FALSE
	EndGlobalSection
	GlobalSection(ExtensibilityGlobals) = postSolution
		SolutionGuid = {01191EB7-9833-4627-BED2-183C0FD65B99}
	EndGlobalSection
EndGlobal
